
Microsoft Visual Studio Solution File, Format Version 12.00
# Visual Studio 15
VisualStudioVersion = 15.0.28010.2048
MinimumVisualStudioVersion = 10.0.40219.1
Project("{FAE04EC0-301F-11D3-BF4B-00C04F79EFBC}") = "ServicioApi", "ServicioApi\ServicioApi.csproj", "{BF874B65-2BEE-4856-9A6B-4E3B0223BFDF}"
EndProject
Project("{FAE04EC0-301F-11D3-BF4B-00C04F79EFBC}") = "AplicacionCliente", "AplicacionCliente\AplicacionCliente.csproj", "{ED9D4AB9-FA61-4DD2-8C6D-997A8A3E9B5F}"
EndProject
Global
	GlobalSection(SolutionConfigurationPlatforms) = preSolution
		Debug|Any CPU = Debug|Any CPU
		Release|Any CPU = Release|Any CPU
	EndGlobalSection
	GlobalSection(ProjectConfigurationPlatforms) = postSolution
		{BF874B65-2BEE-4856-9A6B-4E3B0223BFDF}.Debug|Any CPU.ActiveCfg = Debug|Any CPU
		{BF874B65-2BEE-4856-9A6B-4E3B0223BFDF}.Debug|Any CPU.Build.0 = Debug|Any CPU
		{BF874B65-2BEE-4856-9A6B-4E3B0223BFDF}.Release|Any CPU.ActiveCfg = Release|Any CPU
		{BF874B65-2BEE-4856-9A6B-4E3B0223BFDF}.Release|Any CPU.Build.0 = Release|Any CPU
		{ED9D4AB9-FA61-4DD2-8C6D-997A8A3E9B5F}.Debug|Any CPU.ActiveCfg = Debug|Any CPU
		{ED9D4AB9-FA61-4DD2-8C6D-997A8A3E9B5F}.Debug|Any CPU.Build.0 = Debug|Any CPU
		{ED9D4AB9-FA61-4DD2-8C6D-997A8A3E9B5F}.Release|Any CPU.ActiveCfg = Release|Any CPU
		{ED9D4AB9-FA61-4DD2-8C6D-997A8A3E9B5F}.Release|Any CPU.Build.0 = Release|Any CPU
	EndGlobalSection
	GlobalSection(SolutionProperties) = preSolution
		HideSolutionNode = FALSE
	EndGlobalSection
	GlobalSection(ExtensibilityGlobals) = postSolution
		SolutionGuid = {C9A51FE0-8948-46BB-876B-E71045441EB5}
	EndGlobalSection
EndGlobal
